// !$*UTF8*$!
{
	archiveVersion = 1;
	classes = {
	};
	objectVersion = 55;
	objects = {

/* Begin PBXBuildFile section */
		326971C6D6C9C4169EA59607 /* Pods_MyMoviesListTests.framework in Frameworks */ = {isa = PBXBuildFile; fileRef = 2538EC3C83E936FE1A134514 /* Pods_MyMoviesListTests.framework */; };
		48B70293BC1CA37323081D96 /* Pods_MyMoviesList_MyMoviesListUITests.framework in Frameworks */ = {isa = PBXBuildFile; fileRef = 47482CCDBB1D106F13B78AD6 /* Pods_MyMoviesList_MyMoviesListUITests.framework */; };
		512A584B275C192600FA1671 /* MyMoviesListApp.swift in Sources */ = {isa = PBXBuildFile; fileRef = 512A584A275C192600FA1671 /* MyMoviesListApp.swift */; };
		512A584F275C192800FA1671 /* Assets.xcassets in Resources */ = {isa = PBXBuildFile; fileRef = 512A584E275C192800FA1671 /* Assets.xcassets */; };
		512A5852275C192800FA1671 /* Preview Assets.xcassets in Resources */ = {isa = PBXBuildFile; fileRef = 512A5851275C192800FA1671 /* Preview Assets.xcassets */; };
		512A585C275C192800FA1671 /* MyMoviesListTests.swift in Sources */ = {isa = PBXBuildFile; fileRef = 512A585B275C192800FA1671 /* MyMoviesListTests.swift */; };
		512A5866275C192900FA1671 /* MyMoviesListUITests.swift in Sources */ = {isa = PBXBuildFile; fileRef = 512A5865275C192900FA1671 /* MyMoviesListUITests.swift */; };
		512A5868275C192900FA1671 /* MyMoviesListUITestsLaunchTests.swift in Sources */ = {isa = PBXBuildFile; fileRef = 512A5867275C192900FA1671 /* MyMoviesListUITestsLaunchTests.swift */; };
		512A5884275C2C1200FA1671 /* Movie.swift in Sources */ = {isa = PBXBuildFile; fileRef = 512A5883275C2C1200FA1671 /* Movie.swift */; };
		512A5887275C2DFD00FA1671 /* MovieStore.swift in Sources */ = {isa = PBXBuildFile; fileRef = 512A5886275C2DFD00FA1671 /* MovieStore.swift */; };
		515BFA4A275D018200EC455E /* MoviesListVM.swift in Sources */ = {isa = PBXBuildFile; fileRef = 515BFA49275D018200EC455E /* MoviesListVM.swift */; };
		515BFA4C275D042000EC455E /* MoviesListView.swift in Sources */ = {isa = PBXBuildFile; fileRef = 515BFA4B275D042000EC455E /* MoviesListView.swift */; };
		517A1125275D141E00C99176 /* MovieDetailsView.swift in Sources */ = {isa = PBXBuildFile; fileRef = 517A1124275D141E00C99176 /* MovieDetailsView.swift */; };
		519C8589275D687A00940510 /* MovieRow.swift in Sources */ = {isa = PBXBuildFile; fileRef = 519C8588275D687A00940510 /* MovieRow.swift */; };
		A8530473BF31BB62B958E76B /* Pods_MyMoviesList.framework in Frameworks */ = {isa = PBXBuildFile; fileRef = C2E333C6606F8F1594CEF630 /* Pods_MyMoviesList.framework */; };
/* End PBXBuildFile section */

/* Begin PBXContainerItemProxy section */
		512A5858275C192800FA1671 /* PBXContainerItemProxy */ = {
			isa = PBXContainerItemProxy;
			containerPortal = 512A583F275C192600FA1671 /* Project object */;
			proxyType = 1;
			remoteGlobalIDString = 512A5846275C192600FA1671;
			remoteInfo = MyMoviesList;
		};
		512A5862275C192900FA1671 /* PBXContainerItemProxy */ = {
			isa = PBXContainerItemProxy;
			containerPortal = 512A583F275C192600FA1671 /* Project object */;
			proxyType = 1;
			remoteGlobalIDString = 512A5846275C192600FA1671;
			remoteInfo = MyMoviesList;
		};
/* End PBXContainerItemProxy section */

/* Begin PBXFileReference section */
		2538EC3C83E936FE1A134514 /* Pods_MyMoviesListTests.framework */ = {isa = PBXFileReference; explicitFileType = wrapper.framework; includeInIndex = 0; path = Pods_MyMoviesListTests.framework; sourceTree = BUILT_PRODUCTS_DIR; };
		47482CCDBB1D106F13B78AD6 /* Pods_MyMoviesList_MyMoviesListUITests.framework */ = {isa = PBXFileReference; explicitFileType = wrapper.framework; includeInIndex = 0; path = Pods_MyMoviesList_MyMoviesListUITests.framework; sourceTree = BUILT_PRODUCTS_DIR; };
		476F51BCE778A2EA7F8B5A8A /* Pods-MyMoviesList-MyMoviesListUITests.release.xcconfig */ = {isa = PBXFileReference; includeInIndex = 1; lastKnownFileType = text.xcconfig; name = "Pods-MyMoviesList-MyMoviesListUITests.release.xcconfig"; path = "Target Support Files/Pods-MyMoviesList-MyMoviesListUITests/Pods-MyMoviesList-MyMoviesListUITests.release.xcconfig"; sourceTree = "<group>"; };
		512A5847275C192600FA1671 /* MyMoviesList.app */ = {isa = PBXFileReference; explicitFileType = wrapper.application; includeInIndex = 0; path = MyMoviesList.app; sourceTree = BUILT_PRODUCTS_DIR; };
		512A584A275C192600FA1671 /* MyMoviesListApp.swift */ = {isa = PBXFileReference; lastKnownFileType = sourcecode.swift; path = MyMoviesListApp.swift; sourceTree = "<group>"; };
		512A584E275C192800FA1671 /* Assets.xcassets */ = {isa = PBXFileReference; lastKnownFileType = folder.assetcatalog; path = Assets.xcassets; sourceTree = "<group>"; };
		512A5851275C192800FA1671 /* Preview Assets.xcassets */ = {isa = PBXFileReference; lastKnownFileType = folder.assetcatalog; path = "Preview Assets.xcassets"; sourceTree = "<group>"; };
		512A5857275C192800FA1671 /* MyMoviesListTests.xctest */ = {isa = PBXFileReference; explicitFileType = wrapper.cfbundle; includeInIndex = 0; path = MyMoviesListTests.xctest; sourceTree = BUILT_PRODUCTS_DIR; };
		512A585B275C192800FA1671 /* MyMoviesListTests.swift */ = {isa = PBXFileReference; lastKnownFileType = sourcecode.swift; path = MyMoviesListTests.swift; sourceTree = "<group>"; };
		512A5861275C192900FA1671 /* MyMoviesListUITests.xctest */ = {isa = PBXFileReference; explicitFileType = wrapper.cfbundle; includeInIndex = 0; path = MyMoviesListUITests.xctest; sourceTree = BUILT_PRODUCTS_DIR; };
		512A5865275C192900FA1671 /* MyMoviesListUITests.swift */ = {isa = PBXFileReference; lastKnownFileType = sourcecode.swift; path = MyMoviesListUITests.swift; sourceTree = "<group>"; };
		512A5867275C192900FA1671 /* MyMoviesListUITestsLaunchTests.swift */ = {isa = PBXFileReference; lastKnownFileType = sourcecode.swift; path = MyMoviesListUITestsLaunchTests.swift; sourceTree = "<group>"; };
		512A5883275C2C1200FA1671 /* Movie.swift */ = {isa = PBXFileReference; lastKnownFileType = sourcecode.swift; path = Movie.swift; sourceTree = "<group>"; };
		512A5886275C2DFD00FA1671 /* MovieStore.swift */ = {isa = PBXFileReference; lastKnownFileType = sourcecode.swift; path = MovieStore.swift; sourceTree = "<group>"; };
		515BFA48275CFA4200EC455E /* Info.plist */ = {isa = PBXFileReference; lastKnownFileType = text.plist; path = Info.plist; sourceTree = "<group>"; };
		515BFA49275D018200EC455E /* MoviesListVM.swift */ = {isa = PBXFileReference; lastKnownFileType = sourcecode.swift; path = MoviesListVM.swift; sourceTree = "<group>"; };
		515BFA4B275D042000EC455E /* MoviesListView.swift */ = {isa = PBXFileReference; lastKnownFileType = sourcecode.swift; path = MoviesListView.swift; sourceTree = "<group>"; };
		517A1124275D141E00C99176 /* MovieDetailsView.swift */ = {isa = PBXFileReference; lastKnownFileType = sourcecode.swift; path = MovieDetailsView.swift; sourceTree = "<group>"; };
		519C8588275D687A00940510 /* MovieRow.swift */ = {isa = PBXFileReference; lastKnownFileType = sourcecode.swift; path = MovieRow.swift; sourceTree = "<group>"; };
		6A046F9DF38BAB5B907ADAF0 /* Pods-MyMoviesList.debug.xcconfig */ = {isa = PBXFileReference; includeInIndex = 1; lastKnownFileType = text.xcconfig; name = "Pods-MyMoviesList.debug.xcconfig"; path = "Target Support Files/Pods-MyMoviesList/Pods-MyMoviesList.debug.xcconfig"; sourceTree = "<group>"; };
		8D022C93F37943D1F4273BEE /* Pods-MyMoviesListTests.release.xcconfig */ = {isa = PBXFileReference; includeInIndex = 1; lastKnownFileType = text.xcconfig; name = "Pods-MyMoviesListTests.release.xcconfig"; path = "Target Support Files/Pods-MyMoviesListTests/Pods-MyMoviesListTests.release.xcconfig"; sourceTree = "<group>"; };
		B9FF2834DE0EABC4BCE53DCE /* Pods-MyMoviesListTests.debug.xcconfig */ = {isa = PBXFileReference; includeInIndex = 1; lastKnownFileType = text.xcconfig; name = "Pods-MyMoviesListTests.debug.xcconfig"; path = "Target Support Files/Pods-MyMoviesListTests/Pods-MyMoviesListTests.debug.xcconfig"; sourceTree = "<group>"; };
		C2E333C6606F8F1594CEF630 /* Pods_MyMoviesList.framework */ = {isa = PBXFileReference; explicitFileType = wrapper.framework; includeInIndex = 0; path = Pods_MyMoviesList.framework; sourceTree = BUILT_PRODUCTS_DIR; };
		DA5CBDD36F66078EF05EE559 /* Pods-MyMoviesList-MyMoviesListUITests.debug.xcconfig */ = {isa = PBXFileReference; includeInIndex = 1; lastKnownFileType = text.xcconfig; name = "Pods-MyMoviesList-MyMoviesListUITests.debug.xcconfig"; path = "Target Support Files/Pods-MyMoviesList-MyMoviesListUITests/Pods-MyMoviesList-MyMoviesListUITests.debug.xcconfig"; sourceTree = "<group>"; };
		F0AAA9C3179C0B6E67960CEB /* Pods-MyMoviesList.release.xcconfig */ = {isa = PBXFileReference; includeInIndex = 1; lastKnownFileType = text.xcconfig; name = "Pods-MyMoviesList.release.xcconfig"; path = "Target Support Files/Pods-MyMoviesList/Pods-MyMoviesList.release.xcconfig"; sourceTree = "<group>"; };
/* End PBXFileReference section */

/* Begin PBXFrameworksBuildPhase section */
		512A5844275C192600FA1671 /* Frameworks */ = {
			isa = PBXFrameworksBuildPhase;
			buildActionMask = 2147483647;
			files = (
				A8530473BF31BB62B958E76B /* Pods_MyMoviesList.framework in Frameworks */,
			);
			runOnlyForDeploymentPostprocessing = 0;
		};
		512A5854275C192800FA1671 /* Frameworks */ = {
			isa = PBXFrameworksBuildPhase;
			buildActionMask = 2147483647;
			files = (
				326971C6D6C9C4169EA59607 /* Pods_MyMoviesListTests.framework in Frameworks */,
			);
			runOnlyForDeploymentPostprocessing = 0;
		};
		512A585E275C192900FA1671 /* Frameworks */ = {
			isa = PBXFrameworksBuildPhase;
			buildActionMask = 2147483647;
			files = (
				48B70293BC1CA37323081D96 /* Pods_MyMoviesList_MyMoviesListUITests.framework in Frameworks */,
			);
			runOnlyForDeploymentPostprocessing = 0;
		};
/* End PBXFrameworksBuildPhase section */

/* Begin PBXGroup section */
		184F94D53CD983DD26F486AC /* Frameworks */ = {
			isa = PBXGroup;
			children = (
				C2E333C6606F8F1594CEF630 /* Pods_MyMoviesList.framework */,
				47482CCDBB1D106F13B78AD6 /* Pods_MyMoviesList_MyMoviesListUITests.framework */,
				2538EC3C83E936FE1A134514 /* Pods_MyMoviesListTests.framework */,
			);
			name = Frameworks;
			sourceTree = "<group>";
		};
		512A583E275C192600FA1671 = {
			isa = PBXGroup;
			children = (
				512A5849275C192600FA1671 /* MyMoviesList */,
				512A585A275C192800FA1671 /* MyMoviesListTests */,
				512A5864275C192900FA1671 /* MyMoviesListUITests */,
				512A5848275C192600FA1671 /* Products */,
				C701BC7B32EAEC04E4E538BE /* Pods */,
				184F94D53CD983DD26F486AC /* Frameworks */,
			);
			sourceTree = "<group>";
		};
		512A5848275C192600FA1671 /* Products */ = {
			isa = PBXGroup;
			children = (
				512A5847275C192600FA1671 /* MyMoviesList.app */,
				512A5857275C192800FA1671 /* MyMoviesListTests.xctest */,
				512A5861275C192900FA1671 /* MyMoviesListUITests.xctest */,
			);
			name = Products;
			sourceTree = "<group>";
		};
		512A5849275C192600FA1671 /* MyMoviesList */ = {
			isa = PBXGroup;
			children = (
				515BFA48275CFA4200EC455E /* Info.plist */,
				512A5885275C2DE400FA1671 /* Services */,
				512A587F275C2BFA00FA1671 /* Modules */,
				512A584A275C192600FA1671 /* MyMoviesListApp.swift */,
				512A584E275C192800FA1671 /* Assets.xcassets */,
				512A5850275C192800FA1671 /* Preview Content */,
			);
			path = MyMoviesList;
			sourceTree = "<group>";
		};
		512A5850275C192800FA1671 /* Preview Content */ = {
			isa = PBXGroup;
			children = (
				512A5851275C192800FA1671 /* Preview Assets.xcassets */,
			);
			path = "Preview Content";
			sourceTree = "<group>";
		};
		512A585A275C192800FA1671 /* MyMoviesListTests */ = {
			isa = PBXGroup;
			children = (
				512A585B275C192800FA1671 /* MyMoviesListTests.swift */,
			);
			path = MyMoviesListTests;
			sourceTree = "<group>";
		};
		512A5864275C192900FA1671 /* MyMoviesListUITests */ = {
			isa = PBXGroup;
			children = (
				512A5865275C192900FA1671 /* MyMoviesListUITests.swift */,
				512A5867275C192900FA1671 /* MyMoviesListUITestsLaunchTests.swift */,
			);
			path = MyMoviesListUITests;
			sourceTree = "<group>";
		};
		512A587F275C2BFA00FA1671 /* Modules */ = {
			isa = PBXGroup;
			children = (
				512A5880275C2BFA00FA1671 /* MovieDetails */,
				512A5881275C2BFA00FA1671 /* MoviesList */,
			);
			path = Modules;
			sourceTree = "<group>";
		};
		512A5880275C2BFA00FA1671 /* MovieDetails */ = {
			isa = PBXGroup;
			children = (
				517A1123275D140600C99176 /* View */,
			);
			path = MovieDetails;
			sourceTree = "<group>";
		};
		512A5881275C2BFA00FA1671 /* MoviesList */ = {
			isa = PBXGroup;
			children = (
				512A5889275C331800FA1671 /* View */,
				512A5888275C330B00FA1671 /* ViewModel */,
				512A5882275C2BFA00FA1671 /* Model */,
			);
			path = MoviesList;
			sourceTree = "<group>";
		};
		512A5882275C2BFA00FA1671 /* Model */ = {
			isa = PBXGroup;
			children = (
				512A5883275C2C1200FA1671 /* Movie.swift */,
			);
			path = Model;
			sourceTree = "<group>";
		};
		512A5885275C2DE400FA1671 /* Services */ = {
			isa = PBXGroup;
			children = (
				512A5886275C2DFD00FA1671 /* MovieStore.swift */,
			);
			path = Services;
			sourceTree = "<group>";
		};
		512A5888275C330B00FA1671 /* ViewModel */ = {
			isa = PBXGroup;
			children = (
				515BFA49275D018200EC455E /* MoviesListVM.swift */,
				519C8588275D687A00940510 /* MovieRow.swift */,
			);
			path = ViewModel;
			sourceTree = "<group>";
		};
		512A5889275C331800FA1671 /* View */ = {
			isa = PBXGroup;
			children = (
				515BFA4B275D042000EC455E /* MoviesListView.swift */,
			);
			path = View;
			sourceTree = "<group>";
		};
		517A1123275D140600C99176 /* View */ = {
			isa = PBXGroup;
			children = (
				517A1124275D141E00C99176 /* MovieDetailsView.swift */,
			);
			path = View;
			sourceTree = "<group>";
		};
		C701BC7B32EAEC04E4E538BE /* Pods */ = {
			isa = PBXGroup;
			children = (
				6A046F9DF38BAB5B907ADAF0 /* Pods-MyMoviesList.debug.xcconfig */,
				F0AAA9C3179C0B6E67960CEB /* Pods-MyMoviesList.release.xcconfig */,
				DA5CBDD36F66078EF05EE559 /* Pods-MyMoviesList-MyMoviesListUITests.debug.xcconfig */,
				476F51BCE778A2EA7F8B5A8A /* Pods-MyMoviesList-MyMoviesListUITests.release.xcconfig */,
				B9FF2834DE0EABC4BCE53DCE /* Pods-MyMoviesListTests.debug.xcconfig */,
				8D022C93F37943D1F4273BEE /* Pods-MyMoviesListTests.release.xcconfig */,
			);
			path = Pods;
			sourceTree = "<group>";
		};
/* End PBXGroup section */

/* Begin PBXNativeTarget section */
		512A5846275C192600FA1671 /* MyMoviesList */ = {
			isa = PBXNativeTarget;
			buildConfigurationList = 512A586B275C192900FA1671 /* Build configuration list for PBXNativeTarget "MyMoviesList" */;
			buildPhases = (
				B8F1D7FC149C7C9C848EA8BC /* [CP] Check Pods Manifest.lock */,
				512A5843275C192600FA1671 /* Sources */,
				512A5844275C192600FA1671 /* Frameworks */,
				512A5845275C192600FA1671 /* Resources */,
				4707A03497A8CBD5F8990E5A /* [CP] Embed Pods Frameworks */,
			);
			buildRules = (
			);
			dependencies = (
			);
			name = MyMoviesList;
			productName = MyMoviesList;
			productReference = 512A5847275C192600FA1671 /* MyMoviesList.app */;
			productType = "com.apple.product-type.application";
		};
		512A5856275C192800FA1671 /* MyMoviesListTests */ = {
			isa = PBXNativeTarget;
			buildConfigurationList = 512A586E275C192900FA1671 /* Build configuration list for PBXNativeTarget "MyMoviesListTests" */;
			buildPhases = (
				4E4DD2CB601BD83218BAC13C /* [CP] Check Pods Manifest.lock */,
				512A5853275C192800FA1671 /* Sources */,
				512A5854275C192800FA1671 /* Frameworks */,
				512A5855275C192800FA1671 /* Resources */,
			);
			buildRules = (
			);
			dependencies = (
				512A5859275C192800FA1671 /* PBXTargetDependency */,
			);
			name = MyMoviesListTests;
			productName = MyMoviesListTests;
			productReference = 512A5857275C192800FA1671 /* MyMoviesListTests.xctest */;
			productType = "com.apple.product-type.bundle.unit-test";
		};
		512A5860275C192900FA1671 /* MyMoviesListUITests */ = {
			isa = PBXNativeTarget;
			buildConfigurationList = 512A5871275C192900FA1671 /* Build configuration list for PBXNativeTarget "MyMoviesListUITests" */;
			buildPhases = (
				C8F1D727265E090BED3A6CDC /* [CP] Check Pods Manifest.lock */,
				512A585D275C192900FA1671 /* Sources */,
				512A585E275C192900FA1671 /* Frameworks */,
				512A585F275C192900FA1671 /* Resources */,
				99F643A9202F0DB974CE1A63 /* [CP] Embed Pods Frameworks */,
			);
			buildRules = (
			);
			dependencies = (
				512A5863275C192900FA1671 /* PBXTargetDependency */,
			);
			name = MyMoviesListUITests;
			productName = MyMoviesListUITests;
			productReference = 512A5861275C192900FA1671 /* MyMoviesListUITests.xctest */;
			productType = "com.apple.product-type.bundle.ui-testing";
		};
/* End PBXNativeTarget section */

/* Begin PBXProject section */
		512A583F275C192600FA1671 /* Project object */ = {
			isa = PBXProject;
			attributes = {
				BuildIndependentTargetsInParallel = 1;
				LastSwiftUpdateCheck = 1310;
				LastUpgradeCheck = 1310;
				TargetAttributes = {
					512A5846275C192600FA1671 = {
						CreatedOnToolsVersion = 13.1;
					};
					512A5856275C192800FA1671 = {
						CreatedOnToolsVersion = 13.1;
						TestTargetID = 512A5846275C192600FA1671;
					};
					512A5860275C192900FA1671 = {
						CreatedOnToolsVersion = 13.1;
						TestTargetID = 512A5846275C192600FA1671;
					};
				};
			};
			buildConfigurationList = 512A5842275C192600FA1671 /* Build configuration list for PBXProject "MyMoviesList" */;
			compatibilityVersion = "Xcode 13.0";
			developmentRegion = en;
			hasScannedForEncodings = 0;
			knownRegions = (
				en,
				Base,
			);
			mainGroup = 512A583E275C192600FA1671;
			productRefGroup = 512A5848275C192600FA1671 /* Products */;
			projectDirPath = "";
			projectRoot = "";
			targets = (
				512A5846275C192600FA1671 /* MyMoviesList */,
				512A5856275C192800FA1671 /* MyMoviesListTests */,
				512A5860275C192900FA1671 /* MyMoviesListUITests */,
			);
		};
/* End PBXProject section */

/* Begin PBXResourcesBuildPhase section */
		512A5845275C192600FA1671 /* Resources */ = {
			isa = PBXResourcesBuildPhase;
			buildActionMask = 2147483647;
			files = (
				512A5852275C192800FA1671 /* Preview Assets.xcassets in Resources */,
				512A584F275C192800FA1671 /* Assets.xcassets in Resources */,
			);
			runOnlyForDeploymentPostprocessing = 0;
		};
		512A5855275C192800FA1671 /* Resources */ = {
			isa = PBXResourcesBuildPhase;
			buildActionMask = 2147483647;
			files = (
			);
			runOnlyForDeploymentPostprocessing = 0;
		};
		512A585F275C192900FA1671 /* Resources */ = {
			isa = PBXResourcesBuildPhase;
			buildActionMask = 2147483647;
			files = (
			);
			runOnlyForDeploymentPostprocessing = 0;
		};
/* End PBXResourcesBuildPhase section */

/* Begin PBXShellScriptBuildPhase section */
		4707A03497A8CBD5F8990E5A /* [CP] Embed Pods Frameworks */ = {
			isa = PBXShellScriptBuildPhase;
			buildActionMask = 2147483647;
			files = (
			);
			inputFileListPaths = (
				"${PODS_ROOT}/Target Support Files/Pods-MyMoviesList/Pods-MyMoviesList-frameworks-${CONFIGURATION}-input-files.xcfilelist",
			);
			name = "[CP] Embed Pods Frameworks";
			outputFileListPaths = (
				"${PODS_ROOT}/Target Support Files/Pods-MyMoviesList/Pods-MyMoviesList-frameworks-${CONFIGURATION}-output-files.xcfilelist",
			);
			runOnlyForDeploymentPostprocessing = 0;
			shellPath = /bin/sh;
			shellScript = "\"${PODS_ROOT}/Target Support Files/Pods-MyMoviesList/Pods-MyMoviesList-frameworks.sh\"\n";
			showEnvVarsInLog = 0;
		};
		4E4DD2CB601BD83218BAC13C /* [CP] Check Pods Manifest.lock */ = {
			isa = PBXShellScriptBuildPhase;
			buildActionMask = 2147483647;
			files = (
			);
			inputFileListPaths = (
			);
			inputPaths = (
				"${PODS_PODFILE_DIR_PATH}/Podfile.lock",
				"${PODS_ROOT}/Manifest.lock",
			);
			name = "[CP] Check Pods Manifest.lock";
			outputFileListPaths = (
			);
			outputPaths = (
				"$(DERIVED_FILE_DIR)/Pods-MyMoviesListTests-checkManifestLockResult.txt",
			);
			runOnlyForDeploymentPostprocessing = 0;
			shellPath = /bin/sh;
			shellScript = "diff \"${PODS_PODFILE_DIR_PATH}/Podfile.lock\" \"${PODS_ROOT}/Manifest.lock\" > /dev/null\nif [ $? != 0 ] ; then\n    # print error to STDERR\n    echo \"error: The sandbox is not in sync with the Podfile.lock. Run 'pod install' or update your CocoaPods installation.\" >&2\n    exit 1\nfi\n# This output is used by Xcode 'outputs' to avoid re-running this script phase.\necho \"SUCCESS\" > \"${SCRIPT_OUTPUT_FILE_0}\"\n";
			showEnvVarsInLog = 0;
		};
		99F643A9202F0DB974CE1A63 /* [CP] Embed Pods Frameworks */ = {
			isa = PBXShellScriptBuildPhase;
			buildActionMask = 2147483647;
			files = (
			);
			inputFileListPaths = (
				"${PODS_ROOT}/Target Support Files/Pods-MyMoviesList-MyMoviesListUITests/Pods-MyMoviesList-MyMoviesListUITests-frameworks-${CONFIGURATION}-input-files.xcfilelist",
			);
			name = "[CP] Embed Pods Frameworks";
			outputFileListPaths = (
				"${PODS_ROOT}/Target Support Files/Pods-MyMoviesList-MyMoviesListUITests/Pods-MyMoviesList-MyMoviesListUITests-frameworks-${CONFIGURATION}-output-files.xcfilelist",
			);
			runOnlyForDeploymentPostprocessing = 0;
			shellPath = /bin/sh;
			shellScript = "\"${PODS_ROOT}/Target Support Files/Pods-MyMoviesList-MyMoviesListUITests/Pods-MyMoviesList-MyMoviesListUITests-frameworks.sh\"\n";
			showEnvVarsInLog = 0;
		};
		B8F1D7FC149C7C9C848EA8BC /* [CP] Check Pods Manifest.lock */ = {
			isa = PBXShellScriptBuildPhase;
			buildActionMask = 2147483647;
			files = (
			);
			inputFileListPaths = (
			);
			inputPaths = (
				"${PODS_PODFILE_DIR_PATH}/Podfile.lock",
				"${PODS_ROOT}/Manifest.lock",
			);
			name = "[CP] Check Pods Manifest.lock";
			outputFileListPaths = (
			);
			outputPaths = (
				"$(DERIVED_FILE_DIR)/Pods-MyMoviesList-checkManifestLockResult.txt",
			);
			runOnlyForDeploymentPostprocessing = 0;
			shellPath = /bin/sh;
			shellScript = "diff \"${PODS_PODFILE_DIR_PATH}/Podfile.lock\" \"${PODS_ROOT}/Manifest.lock\" > /dev/null\nif [ $? != 0 ] ; then\n    # print error to STDERR\n    echo \"error: The sandbox is not in sync with the Podfile.lock. Run 'pod install' or update your CocoaPods installation.\" >&2\n    exit 1\nfi\n# This output is used by Xcode 'outputs' to avoid re-running this script phase.\necho \"SUCCESS\" > \"${SCRIPT_OUTPUT_FILE_0}\"\n";
			showEnvVarsInLog = 0;
		};
		C8F1D727265E090BED3A6CDC /* [CP] Check Pods Manifest.lock */ = {
			isa = PBXShellScriptBuildPhase;
			buildActionMask = 2147483647;
			files = (
			);
			inputFileListPaths = (
			);
			inputPaths = (
				"${PODS_PODFILE_DIR_PATH}/Podfile.lock",
				"${PODS_ROOT}/Manifest.lock",
			);
			name = "[CP] Check Pods Manifest.lock";
			outputFileListPaths = (
			);
			outputPaths = (
				"$(DERIVED_FILE_DIR)/Pods-MyMoviesList-MyMoviesListUITests-checkManifestLockResult.txt",
			);
			runOnlyForDeploymentPostprocessing = 0;
			shellPath = /bin/sh;
			shellScript = "diff \"${PODS_PODFILE_DIR_PATH}/Podfile.lock\" \"${PODS_ROOT}/Manifest.lock\" > /dev/null\nif [ $? != 0 ] ; then\n    # print error to STDERR\n    echo \"error: The sandbox is not in sync with the Podfile.lock. Run 'pod install' or update your CocoaPods installation.\" >&2\n    exit 1\nfi\n# This output is used by Xcode 'outputs' to avoid re-running this script phase.\necho \"SUCCESS\" > \"${SCRIPT_OUTPUT_FILE_0}\"\n";
			showEnvVarsInLog = 0;
		};
/* End PBXShellScriptBuildPhase section */

/* Begin PBXSourcesBuildPhase section */
		512A5843275C192600FA1671 /* Sources */ = {
			isa = PBXSourcesBuildPhase;
			buildActionMask = 2147483647;
			files = (
				515BFA4A275D018200EC455E /* MoviesListVM.swift in Sources */,
				517A1125275D141E00C99176 /* MovieDetailsView.swift in Sources */,
				512A584B275C192600FA1671 /* MyMoviesListApp.swift in Sources */,
				515BFA4C275D042000EC455E /* MoviesListView.swift in Sources */,
				512A5887275C2DFD00FA1671 /* MovieStore.swift in Sources */,
				519C8589275D687A00940510 /* MovieRow.swift in Sources */,
				512A5884275C2C1200FA1671 /* Movie.swift in Sources */,
			);
			runOnlyForDeploymentPostprocessing = 0;
		};
		512A5853275C192800FA1671 /* Sources */ = {
			isa = PBXSourcesBuildPhase;
			buildActionMask = 2147483647;
			files = (
				512A585C275C192800FA1671 /* MyMoviesListTests.swift in Sources */,
			);
			runOnlyForDeploymentPostprocessing = 0;
		};
		512A585D275C192900FA1671 /* Sources */ = {
			isa = PBXSourcesBuildPhase;
			buildActionMask = 2147483647;
			files = (
				512A5866275C192900FA1671 /* MyMoviesListUITests.swift in Sources */,
				512A5868275C192900FA1671 /* MyMoviesListUITestsLaunchTests.swift in Sources */,
			);
			runOnlyForDeploymentPostprocessing = 0;
		};
/* End PBXSourcesBuildPhase section */

/* Begin PBXTargetDependency section */
		512A5859275C192800FA1671 /* PBXTargetDependency */ = {
			isa = PBXTargetDependency;
			target = 512A5846275C192600FA1671 /* MyMoviesList */;
			targetProxy = 512A5858275C192800FA1671 /* PBXContainerItemProxy */;
		};
		512A5863275C192900FA1671 /* PBXTargetDependency */ = {
			isa = PBXTargetDependency;
			target = 512A5846275C192600FA1671 /* MyMoviesList */;
			targetProxy = 512A5862275C192900FA1671 /* PBXContainerItemProxy */;
		};
/* End PBXTargetDependency section */

/* Begin XCBuildConfiguration section */
		512A5869275C192900FA1671 /* Debug */ = {
			isa = XCBuildConfiguration;
			buildSettings = {
				ALWAYS_SEARCH_USER_PATHS = NO;
				CLANG_ANALYZER_NONNULL = YES;
				CLANG_ANALYZER_NUMBER_OBJECT_CONVERSION = YES_AGGRESSIVE;
				CLANG_CXX_LANGUAGE_STANDARD = "gnu++17";
				CLANG_CXX_LIBRARY = "libc++";
				CLANG_ENABLE_MODULES = YES;
				CLANG_ENABLE_OBJC_ARC = YES;
				CLANG_ENABLE_OBJC_WEAK = YES;
				CLANG_WARN_BLOCK_CAPTURE_AUTORELEASING = YES;
				CLANG_WARN_BOOL_CONVERSION = YES;
				CLANG_WARN_COMMA = YES;
				CLANG_WARN_CONSTANT_CONVERSION = YES;
				CLANG_WARN_DEPRECATED_OBJC_IMPLEMENTATIONS = YES;
				CLANG_WARN_DIRECT_OBJC_ISA_USAGE = YES_ERROR;
				CLANG_WARN_DOCUMENTATION_COMMENTS = YES;
				CLANG_WARN_EMPTY_BODY = YES;
				CLANG_WARN_ENUM_CONVERSION = YES;
				CLANG_WARN_INFINITE_RECURSION = YES;
				CLANG_WARN_INT_CONVERSION = YES;
				CLANG_WARN_NON_LITERAL_NULL_CONVERSION = YES;
				CLANG_WARN_OBJC_IMPLICIT_RETAIN_SELF = YES;
				CLANG_WARN_OBJC_LITERAL_CONVERSION = YES;
				CLANG_WARN_OBJC_ROOT_CLASS = YES_ERROR;
				CLANG_WARN_QUOTED_INCLUDE_IN_FRAMEWORK_HEADER = YES;
				CLANG_WARN_RANGE_LOOP_ANALYSIS = YES;
				CLANG_WARN_STRICT_PROTOTYPES = YES;
				CLANG_WARN_SUSPICIOUS_MOVE = YES;
				CLANG_WARN_UNGUARDED_AVAILABILITY = YES_AGGRESSIVE;
				CLANG_WARN_UNREACHABLE_CODE = YES;
				CLANG_WARN__DUPLICATE_METHOD_MATCH = YES;
				COPY_PHASE_STRIP = NO;
				DEBUG_INFORMATION_FORMAT = dwarf;
				ENABLE_STRICT_OBJC_MSGSEND = YES;
				ENABLE_TESTABILITY = YES;
				GCC_C_LANGUAGE_STANDARD = gnu11;
				GCC_DYNAMIC_NO_PIC = NO;
				GCC_NO_COMMON_BLOCKS = YES;
				GCC_OPTIMIZATION_LEVEL = 0;
				GCC_PREPROCESSOR_DEFINITIONS = (
					"DEBUG=1",
					"$(inherited)",
				);
				GCC_WARN_64_TO_32_BIT_CONVERSION = YES;
				GCC_WARN_ABOUT_RETURN_TYPE = YES_ERROR;
				GCC_WARN_UNDECLARED_SELECTOR = YES;
				GCC_WARN_UNINITIALIZED_AUTOS = YES_AGGRESSIVE;
				GCC_WARN_UNUSED_FUNCTION = YES;
				GCC_WARN_UNUSED_VARIABLE = YES;
				IPHONEOS_DEPLOYMENT_TARGET = 15.0;
				MTL_ENABLE_DEBUG_INFO = INCLUDE_SOURCE;
				MTL_FAST_MATH = YES;
				ONLY_ACTIVE_ARCH = YES;
				SDKROOT = iphoneos;
				SWIFT_ACTIVE_COMPILATION_CONDITIONS = DEBUG;
				SWIFT_OPTIMIZATION_LEVEL = "-Onone";
			};
			name = Debug;
		};
		512A586A275C192900FA1671 /* Release */ = {
			isa = XCBuildConfiguration;
			buildSettings = {
				ALWAYS_SEARCH_USER_PATHS = NO;
				CLANG_ANALYZER_NONNULL = YES;
				CLANG_ANALYZER_NUMBER_OBJECT_CONVERSION = YES_AGGRESSIVE;
				CLANG_CXX_LANGUAGE_STANDARD = "gnu++17";
				CLANG_CXX_LIBRARY = "libc++";
				CLANG_ENABLE_MODULES = YES;
				CLANG_ENABLE_OBJC_ARC = YES;
				CLANG_ENABLE_OBJC_WEAK = YES;
				CLANG_WARN_BLOCK_CAPTURE_AUTORELEASING = YES;
				CLANG_WARN_BOOL_CONVERSION = YES;
				CLANG_WARN_COMMA = YES;
				CLANG_WARN_CONSTANT_CONVERSION = YES;
				CLANG_WARN_DEPRECATED_OBJC_IMPLEMENTATIONS = YES;
				CLANG_WARN_DIRECT_OBJC_ISA_USAGE = YES_ERROR;
				CLANG_WARN_DOCUMENTATION_COMMENTS = YES;
				CLANG_WARN_EMPTY_BODY = YES;
				CLANG_WARN_ENUM_CONVERSION = YES;
				CLANG_WARN_INFINITE_RECURSION = YES;
				CLANG_WARN_INT_CONVERSION = YES;
				CLANG_WARN_NON_LITERAL_NULL_CONVERSION = YES;
				CLANG_WARN_OBJC_IMPLICIT_RETAIN_SELF = YES;
				CLANG_WARN_OBJC_LITERAL_CONVERSION = YES;
				CLANG_WARN_OBJC_ROOT_CLASS = YES_ERROR;
				CLANG_WARN_QUOTED_INCLUDE_IN_FRAMEWORK_HEADER = YES;
				CLANG_WARN_RANGE_LOOP_ANALYSIS = YES;
				CLANG_WARN_STRICT_PROTOTYPES = YES;
				CLANG_WARN_SUSPICIOUS_MOVE = YES;
				CLANG_WARN_UNGUARDED_AVAILABILITY = YES_AGGRESSIVE;
				CLANG_WARN_UNREACHABLE_CODE = YES;
				CLANG_WARN__DUPLICATE_METHOD_MATCH = YES;
				COPY_PHASE_STRIP = NO;
				DEBUG_INFORMATION_FORMAT = "dwarf-with-dsym";
				ENABLE_NS_ASSERTIONS = NO;
				ENABLE_STRICT_OBJC_MSGSEND = YES;
				GCC_C_LANGUAGE_STANDARD = gnu11;
				GCC_NO_COMMON_BLOCKS = YES;
				GCC_WARN_64_TO_32_BIT_CONVERSION = YES;
				GCC_WARN_ABOUT_RETURN_TYPE = YES_ERROR;
				GCC_WARN_UNDECLARED_SELECTOR = YES;
				GCC_WARN_UNINITIALIZED_AUTOS = YES_AGGRESSIVE;
				GCC_WARN_UNUSED_FUNCTION = YES;
				GCC_WARN_UNUSED_VARIABLE = YES;
				IPHONEOS_DEPLOYMENT_TARGET = 15.0;
				MTL_ENABLE_DEBUG_INFO = NO;
				MTL_FAST_MATH = YES;
				SDKROOT = iphoneos;
				SWIFT_COMPILATION_MODE = wholemodule;
				SWIFT_OPTIMIZATION_LEVEL = "-O";
				VALIDATE_PRODUCT = YES;
			};
			name = Release;
		};
		512A586C275C192900FA1671 /* Debug */ = {
			isa = XCBuildConfiguration;
			baseConfigurationReference = 6A046F9DF38BAB5B907ADAF0 /* Pods-MyMoviesList.debug.xcconfig */;
			buildSettings = {
				ASSETCATALOG_COMPILER_APPICON_NAME = AppIcon;
				ASSETCATALOG_COMPILER_GLOBAL_ACCENT_COLOR_NAME = AccentColor;
				CODE_SIGN_STYLE = Automatic;
				CURRENT_PROJECT_VERSION = 1;
				DEVELOPMENT_ASSET_PATHS = "\"MyMoviesList/Preview Content\"";
				DEVELOPMENT_TEAM = FLG3X8C6ZX;
				ENABLE_PREVIEWS = YES;
				GENERATE_INFOPLIST_FILE = YES;
				INFOPLIST_FILE = MyMoviesList/Info.plist;
				INFOPLIST_KEY_UIApplicationSceneManifest_Generation = YES;
				INFOPLIST_KEY_UIApplicationSupportsIndirectInputEvents = YES;
				INFOPLIST_KEY_UILaunchScreen_Generation = YES;
				INFOPLIST_KEY_UISupportedInterfaceOrientations_iPad = "UIInterfaceOrientationPortrait UIInterfaceOrientationPortraitUpsideDown UIInterfaceOrientationLandscapeLeft UIInterfaceOrientationLandscapeRight";
				INFOPLIST_KEY_UISupportedInterfaceOrientations_iPhone = "UIInterfaceOrientationPortrait UIInterfaceOrientationLandscapeLeft UIInterfaceOrientationLandscapeRight";
				IPHONEOS_DEPLOYMENT_TARGET = 15.0;
				LD_RUNPATH_SEARCH_PATHS = (
					"$(inherited)",
					"@executable_path/Frameworks",
				);
				MARKETING_VERSION = 1.0;
				PRODUCT_BUNDLE_IDENTIFIER = personal.MyMoviesList;
				PRODUCT_NAME = "$(TARGET_NAME)";
				SWIFT_EMIT_LOC_STRINGS = YES;
				SWIFT_VERSION = 5.0;
				TARGETED_DEVICE_FAMILY = "1,2";
			};
			name = Debug;
		};
		512A586D275C192900FA1671 /* Release */ = {
			isa = XCBuildConfiguration;
			baseConfigurationReference = F0AAA9C3179C0B6E67960CEB /* Pods-MyMoviesList.release.xcconfig */;
			buildSettings = {
				ASSETCATALOG_COMPILER_APPICON_NAME = AppIcon;
				ASSETCATALOG_COMPILER_GLOBAL_ACCENT_COLOR_NAME = AccentColor;
				CODE_SIGN_STYLE = Automatic;
				CURRENT_PROJECT_VERSION = 1;
				DEVELOPMENT_ASSET_PATHS = "\"MyMoviesList/Preview Content\"";
				DEVELOPMENT_TEAM = FLG3X8C6ZX;
				ENABLE_PREVIEWS = YES;
				GENERATE_INFOPLIST_FILE = YES;
				INFOPLIST_FILE = MyMoviesList/Info.plist;
				INFOPLIST_KEY_UIApplicationSceneManifest_Generation = YES;
				INFOPLIST_KEY_UIApplicationSupportsIndirectInputEvents = YES;
				INFOPLIST_KEY_UILaunchScreen_Generation = YES;
				INFOPLIST_KEY_UISupportedInterfaceOrientations_iPad = "UIInterfaceOrientationPortrait UIInterfaceOrientationPortraitUpsideDown UIInterfaceOrientationLandscapeLeft UIInterfaceOrientationLandscapeRight";
				INFOPLIST_KEY_UISupportedInterfaceOrientations_iPhone = "UIInterfaceOrientationPortrait UIInterfaceOrientationLandscapeLeft UIInterfaceOrientationLandscapeRight";
				IPHONEOS_DEPLOYMENT_TARGET = 15.0;
				LD_RUNPATH_SEARCH_PATHS = (
					"$(inherited)",
					"@executable_path/Frameworks",
				);
				MARKETING_VERSION = 1.0;
				PRODUCT_BUNDLE_IDENTIFIER = personal.MyMoviesList;
				PRODUCT_NAME = "$(TARGET_NAME)";
				SWIFT_EMIT_LOC_STRINGS = YES;
				SWIFT_VERSION = 5.0;
				TARGETED_DEVICE_FAMILY = "1,2";
			};
			name = Release;
		};
		512A586F275C192900FA1671 /* Debug */ = {
			isa = XCBuildConfiguration;
			baseConfigurationReference = B9FF2834DE0EABC4BCE53DCE /* Pods-MyMoviesListTests.debug.xcconfig */;
			buildSettings = {
				ALWAYS_EMBED_SWIFT_STANDARD_LIBRARIES = YES;
				BUNDLE_LOADER = "$(TEST_HOST)";
				CODE_SIGN_STYLE = Automatic;
				CURRENT_PROJECT_VERSION = 1;
				DEVELOPMENT_TEAM = 297AHX4JHU;
				GENERATE_INFOPLIST_FILE = YES;
				IPHONEOS_DEPLOYMENT_TARGET = 15.0;
				LD_RUNPATH_SEARCH_PATHS = (
					"$(inherited)",
					"@executable_path/Frameworks",
					"@loader_path/Frameworks",
				);
				MARKETING_VERSION = 1.0;
				PRODUCT_BUNDLE_IDENTIFIER = personal.MyMoviesListTests;
				PRODUCT_NAME = "$(TARGET_NAME)";
				SWIFT_EMIT_LOC_STRINGS = NO;
				SWIFT_VERSION = 5.0;
				TARGETED_DEVICE_FAMILY = "1,2";
				TEST_HOST = "$(BUILT_PRODUCTS_DIR)/MyMoviesList.app/MyMoviesList";
			};
			name = Debug;
		};
		512A5870275C192900FA1671 /* Release */ = {
			isa = XCBuildConfiguration;
			baseConfigurationReference = 8D022C93F37943D1F4273BEE /* Pods-MyMoviesListTests.release.xcconfig */;
			buildSettings = {
				ALWAYS_EMBED_SWIFT_STANDARD_LIBRARIES = YES;
				BUNDLE_LOADER = "$(TEST_HOST)";
				CODE_SIGN_STYLE = Automatic;
				CURRENT_PROJECT_VERSION = 1;
				DEVELOPMENT_TEAM = 297AHX4JHU;
				GENERATE_INFOPLIST_FILE = YES;
				IPHONEOS_DEPLOYMENT_TARGET = 15.0;
				LD_RUNPATH_SEARCH_PATHS = (
					"$(inherited)",
					"@executable_path/Frameworks",
					"@loader_path/Frameworks",
				);
				MARKETING_VERSION = 1.0;
				PRODUCT_BUNDLE_IDENTIFIER = personal.MyMoviesListTests;
				PRODUCT_NAME = "$(TARGET_NAME)";
				SWIFT_EMIT_LOC_STRINGS = NO;
				SWIFT_VERSION = 5.0;
				TARGETED_DEVICE_FAMILY = "1,2";
				TEST_HOST = "$(BUILT_PRODUCTS_DIR)/MyMoviesList.app/MyMoviesList";
			};
			name = Release;
		};
		512A5872275C192900FA1671 /* Debug */ = {
			isa = XCBuildConfiguration;
			baseConfigurationReference = DA5CBDD36F66078EF05EE559 /* Pods-MyMoviesList-MyMoviesListUITests.debug.xcconfig */;
			buildSettings = {
				ALWAYS_EMBED_SWIFT_STANDARD_LIBRARIES = YES;
				CODE_SIGN_STYLE = Automatic;
				CURRENT_PROJECT_VERSION = 1;
				DEVELOPMENT_TEAM = 297AHX4JHU;
				GENERATE_INFOPLIST_FILE = YES;
				LD_RUNPATH_SEARCH_PATHS = (
					"$(inherited)",
					"@executable_path/Frameworks",
					"@loader_path/Frameworks",
				);
				MARKETING_VERSION = 1.0;
				PRODUCT_BUNDLE_IDENTIFIER = personal.MyMoviesListUITests;
				PRODUCT_NAME = "$(TARGET_NAME)";
				SWIFT_EMIT_LOC_STRINGS = NO;
				SWIFT_VERSION = 5.0;
				TARGETED_DEVICE_FAMILY = "1,2";
				TEST_TARGET_NAME = MyMoviesList;
			};
			name = Debug;
		};
		512A5873275C192900FA1671 /* Release */ = {
			isa = XCBuildConfiguration;
			baseConfigurationReference = 476F51BCE778A2EA7F8B5A8A /* Pods-MyMoviesList-MyMoviesListUITests.release.xcconfig */;
			buildSettings = {
				ALWAYS_EMBED_SWIFT_STANDARD_LIBRARIES = YES;
				CODE_SIGN_STYLE = Automatic;
				CURRENT_PROJECT_VERSION = 1;
				DEVELOPMENT_TEAM = 297AHX4JHU;
				GENERATE_INFOPLIST_FILE = YES;
				LD_RUNPATH_SEARCH_PATHS = (
					"$(inherited)",
					"@executable_path/Frameworks",
					"@loader_path/Frameworks",
				);
				MARKETING_VERSION = 1.0;
				PRODUCT_BUNDLE_IDENTIFIER = personal.MyMoviesListUITests;
				PRODUCT_NAME = "$(TARGET_NAME)";
				SWIFT_EMIT_LOC_STRINGS = NO;
				SWIFT_VERSION = 5.0;
				TARGETED_DEVICE_FAMILY = "1,2";
				TEST_TARGET_NAME = MyMoviesList;
			};
			name = Release;
		};
/* End XCBuildConfiguration section */

/* Begin XCConfigurationList section */
		512A5842275C192600FA1671 /* Build configuration list for PBXProject "MyMoviesList" */ = {
			isa = XCConfigurationList;
			buildConfigurations = (
				512A5869275C192900FA1671 /* Debug */,
				512A586A275C192900FA1671 /* Release */,
			);
			defaultConfigurationIsVisible = 0;
			defaultConfigurationName = Release;
		};
		512A586B275C192900FA1671 /* Build configuration list for PBXNativeTarget "MyMoviesList" */ = {
			isa = XCConfigurationList;
			buildConfigurations = (
				512A586C275C192900FA1671 /* Debug */,
				512A586D275C192900FA1671 /* Release */,
			);
			defaultConfigurationIsVisible = 0;
			defaultConfigurationName = Release;
		};
		512A586E275C192900FA1671 /* Build configuration list for PBXNativeTarget "MyMoviesListTests" */ = {
			isa = XCConfigurationList;
			buildConfigurations = (
				512A586F275C192900FA1671 /* Debug */,
				512A5870275C192900FA1671 /* Release */,
			);
			defaultConfigurationIsVisible = 0;
			defaultConfigurationName = Release;
		};
		512A5871275C192900FA1671 /* Build configuration list for PBXNativeTarget "MyMoviesListUITests" */ = {
			isa = XCConfigurationList;
			buildConfigurations = (
				512A5872275C192900FA1671 /* Debug */,
				512A5873275C192900FA1671 /* Release */,
			);
			defaultConfigurationIsVisible = 0;
			defaultConfigurationName = Release;
		};
/* End XCConfigurationList section */
	};
	rootObject = 512A583F275C192600FA1671 /* Project object */;
}
